
Microsoft Visual Studio Solution File, Format Version 12.00
Project("{FAE04EC0-301F-11D3-BF4B-00C04F79EFBC}") = "ClassLibrary1", "ClassLibrary1\ClassLibrary1.csproj", "{934D1487-3D8E-4C47-88EC-B875678B2BF1}"
EndProject
Project("{FAE04EC0-301F-11D3-BF4B-00C04F79EFBC}") = "TestProject1", "TestProject1\TestProject1.csproj", "{D417E508-B6F0-4CAE-9CEE-7E56944F0F42}"
EndProject
Global
	GlobalSection(SolutionConfigurationPlatforms) = preSolution
		Debug|Any CPU = Debug|Any CPU
		Release|Any CPU = Release|Any CPU
	EndGlobalSection
	GlobalSection(ProjectConfigurationPlatforms) = postSolution
		{934D1487-3D8E-4C47-88EC-B875678B2BF1}.Debug|Any CPU.ActiveCfg = Debug|Any CPU
		{934D1487-3D8E-4C47-88EC-B875678B2BF1}.Debug|Any CPU.Build.0 = Debug|Any CPU
		{934D1487-3D8E-4C47-88EC-B875678B2BF1}.Release|Any CPU.ActiveCfg = Release|Any CPU
		{934D1487-3D8E-4C47-88EC-B875678B2BF1}.Release|Any CPU.Build.0 = Release|Any CPU
		{D417E508-B6F0-4CAE-9CEE-7E56944F0F42}.Debug|Any CPU.ActiveCfg = Debug|Any CPU
		{D417E508-B6F0-4CAE-9CEE-7E56944F0F42}.Debug|Any CPU.Build.0 = Debug|Any CPU
		{D417E508-B6F0-4CAE-9CEE-7E56944F0F42}.Release|Any CPU.ActiveCfg = Release|Any CPU
		{D417E508-B6F0-4CAE-9CEE-7E56944F0F42}.Release|Any CPU.Build.0 = Release|Any CPU
	EndGlobalSection
EndGlobal
